// !$*UTF8*$!
{
	archiveVersion = 1;
	classes = {
	};
	objectVersion = 46;
	objects = {

/* Begin PBXBuildFile section */
		7A8249391DCD2AA4005733A4 /* AppDelegate.swift in Sources */ = {isa = PBXBuildFile; fileRef = 7A8249381DCD2AA4005733A4 /* AppDelegate.swift */; };
		7A82493B1DCD2AA4005733A4 /* ViewController.swift in Sources */ = {isa = PBXBuildFile; fileRef = 7A82493A1DCD2AA4005733A4 /* ViewController.swift */; };
		7A82493E1DCD2AA4005733A4 /* Main.storyboard in Resources */ = {isa = PBXBuildFile; fileRef = 7A82493C1DCD2AA4005733A4 /* Main.storyboard */; };
		7A8249401DCD2AA4005733A4 /* Assets.xcassets in Resources */ = {isa = PBXBuildFile; fileRef = 7A82493F1DCD2AA4005733A4 /* Assets.xcassets */; };
		7A8249431DCD2AA4005733A4 /* LaunchScreen.storyboard in Resources */ = {isa = PBXBuildFile; fileRef = 7A8249411DCD2AA4005733A4 /* LaunchScreen.storyboard */; };
		7A82494E1DCD2AA4005733A4 /* Musip_RecorderTests.swift in Sources */ = {isa = PBXBuildFile; fileRef = 7A82494D1DCD2AA4005733A4 /* Musip_RecorderTests.swift */; };
		7A8249591DCD2AA4005733A4 /* Musip_RecorderUITests.swift in Sources */ = {isa = PBXBuildFile; fileRef = 7A8249581DCD2AA4005733A4 /* Musip_RecorderUITests.swift */; };
/* End PBXBuildFile section */

/* Begin PBXContainerItemProxy section */
		7A82494A1DCD2AA4005733A4 /* PBXContainerItemProxy */ = {
			isa = PBXContainerItemProxy;
			containerPortal = 7A82492D1DCD2AA4005733A4 /* Project object */;
			proxyType = 1;
			remoteGlobalIDString = 7A8249341DCD2AA4005733A4;
			remoteInfo = Musip_Recorder;
		};
		7A8249551DCD2AA4005733A4 /* PBXContainerItemProxy */ = {
			isa = PBXContainerItemProxy;
			containerPortal = 7A82492D1DCD2AA4005733A4 /* Project object */;
			proxyType = 1;
			remoteGlobalIDString = 7A8249341DCD2AA4005733A4;
			remoteInfo = Musip_Recorder;
		};
/* End PBXContainerItemProxy section */

/* Begin PBXFileReference section */
		7A8249351DCD2AA4005733A4 /* Musip_Recorder.app */ = {isa = PBXFileReference; explicitFileType = wrapper.application; includeInIndex = 0; path = Musip_Recorder.app; sourceTree = BUILT_PRODUCTS_DIR; };
		7A8249381DCD2AA4005733A4 /* AppDelegate.swift */ = {isa = PBXFileReference; lastKnownFileType = sourcecode.swift; path = AppDelegate.swift; sourceTree = "<group>"; };
		7A82493A1DCD2AA4005733A4 /* ViewController.swift */ = {isa = PBXFileReference; lastKnownFileType = sourcecode.swift; path = ViewController.swift; sourceTree = "<group>"; };
		7A82493D1DCD2AA4005733A4 /* Base */ = {isa = PBXFileReference; lastKnownFileType = file.storyboard; name = Base; path = Base.lproj/Main.storyboard; sourceTree = "<group>"; };
		7A82493F1DCD2AA4005733A4 /* Assets.xcassets */ = {isa = PBXFileReference; lastKnownFileType = folder.assetcatalog; path = Assets.xcassets; sourceTree = "<group>"; };
		7A8249421DCD2AA4005733A4 /* Base */ = {isa = PBXFileReference; lastKnownFileType = file.storyboard; name = Base; path = Base.lproj/LaunchScreen.storyboard; sourceTree = "<group>"; };
		7A8249441DCD2AA4005733A4 /* Info.plist */ = {isa = PBXFileReference; lastKnownFileType = text.plist.xml; path = Info.plist; sourceTree = "<group>"; };
		7A8249491DCD2AA4005733A4 /* Musip_RecorderTests.xctest */ = {isa = PBXFileReference; explicitFileType = wrapper.cfbundle; includeInIndex = 0; path = Musip_RecorderTests.xctest; sourceTree = BUILT_PRODUCTS_DIR; };
		7A82494D1DCD2AA4005733A4 /* Musip_RecorderTests.swift */ = {isa = PBXFileReference; lastKnownFileType = sourcecode.swift; path = Musip_RecorderTests.swift; sourceTree = "<group>"; };
		7A82494F1DCD2AA4005733A4 /* Info.plist */ = {isa = PBXFileReference; lastKnownFileType = text.plist.xml; path = Info.plist; sourceTree = "<group>"; };
		7A8249541DCD2AA4005733A4 /* Musip_RecorderUITests.xctest */ = {isa = PBXFileReference; explicitFileType = wrapper.cfbundle; includeInIndex = 0; path = Musip_RecorderUITests.xctest; sourceTree = BUILT_PRODUCTS_DIR; };
		7A8249581DCD2AA4005733A4 /* Musip_RecorderUITests.swift */ = {isa = PBXFileReference; lastKnownFileType = sourcecode.swift; path = Musip_RecorderUITests.swift; sourceTree = "<group>"; };
		7A82495A1DCD2AA4005733A4 /* Info.plist */ = {isa = PBXFileReference; lastKnownFileType = text.plist.xml; path = Info.plist; sourceTree = "<group>"; };
/* End PBXFileReference section */

/* Begin PBXFrameworksBuildPhase section */
		7A8249321DCD2AA4005733A4 /* Frameworks */ = {
			isa = PBXFrameworksBuildPhase;
			buildActionMask = 2147483647;
			files = (
			);
			runOnlyForDeploymentPostprocessing = 0;
		};
		7A8249461DCD2AA4005733A4 /* Frameworks */ = {
			isa = PBXFrameworksBuildPhase;
			buildActionMask = 2147483647;
			files = (
			);
			runOnlyForDeploymentPostprocessing = 0;
		};
		7A8249511DCD2AA4005733A4 /* Frameworks */ = {
			isa = PBXFrameworksBuildPhase;
			buildActionMask = 2147483647;
			files = (
			);
			runOnlyForDeploymentPostprocessing = 0;
		};
/* End PBXFrameworksBuildPhase section */

/* Begin PBXGroup section */
		7A82492C1DCD2AA4005733A4 = {
			isa = PBXGroup;
			children = (
				7A8249371DCD2AA4005733A4 /* Musip_Recorder */,
				7A82494C1DCD2AA4005733A4 /* Musip_RecorderTests */,
				7A8249571DCD2AA4005733A4 /* Musip_RecorderUITests */,
				7A8249361DCD2AA4005733A4 /* Products */,
			);
			sourceTree = "<group>";
		};
		7A8249361DCD2AA4005733A4 /* Products */ = {
			isa = PBXGroup;
			children = (
				7A8249351DCD2AA4005733A4 /* Musip_Recorder.app */,
				7A8249491DCD2AA4005733A4 /* Musip_RecorderTests.xctest */,
				7A8249541DCD2AA4005733A4 /* Musip_RecorderUITests.xctest */,
			);
			name = Products;
			sourceTree = "<group>";
		};
		7A8249371DCD2AA4005733A4 /* Musip_Recorder */ = {
			isa = PBXGroup;
			children = (
				7A8249381DCD2AA4005733A4 /* AppDelegate.swift */,
				7A82493A1DCD2AA4005733A4 /* ViewController.swift */,
				7A82493C1DCD2AA4005733A4 /* Main.storyboard */,
				7A82493F1DCD2AA4005733A4 /* Assets.xcassets */,
				7A8249411DCD2AA4005733A4 /* LaunchScreen.storyboard */,
				7A8249441DCD2AA4005733A4 /* Info.plist */,
			);
			path = Musip_Recorder;
			sourceTree = "<group>";
		};
		7A82494C1DCD2AA4005733A4 /* Musip_RecorderTests */ = {
			isa = PBXGroup;
			children = (
				7A82494D1DCD2AA4005733A4 /* Musip_RecorderTests.swift */,
				7A82494F1DCD2AA4005733A4 /* Info.plist */,
			);
			path = Musip_RecorderTests;
			sourceTree = "<group>";
		};
		7A8249571DCD2AA4005733A4 /* Musip_RecorderUITests */ = {
			isa = PBXGroup;
			children = (
				7A8249581DCD2AA4005733A4 /* Musip_RecorderUITests.swift */,
				7A82495A1DCD2AA4005733A4 /* Info.plist */,
			);
			path = Musip_RecorderUITests;
			sourceTree = "<group>";
		};
/* End PBXGroup section */

/* Begin PBXNativeTarget section */
		7A8249341DCD2AA4005733A4 /* Musip_Recorder */ = {
			isa = PBXNativeTarget;
			buildConfigurationList = 7A82495D1DCD2AA4005733A4 /* Build configuration list for PBXNativeTarget "Musip_Recorder" */;
			buildPhases = (
				7A8249311DCD2AA4005733A4 /* Sources */,
				7A8249321DCD2AA4005733A4 /* Frameworks */,
				7A8249331DCD2AA4005733A4 /* Resources */,
			);
			buildRules = (
			);
			dependencies = (
			);
			name = Musip_Recorder;
			productName = Musip_Recorder;
			productReference = 7A8249351DCD2AA4005733A4 /* Musip_Recorder.app */;
			productType = "com.apple.product-type.application";
		};
		7A8249481DCD2AA4005733A4 /* Musip_RecorderTests */ = {
			isa = PBXNativeTarget;
			buildConfigurationList = 7A8249601DCD2AA4005733A4 /* Build configuration list for PBXNativeTarget "Musip_RecorderTests" */;
			buildPhases = (
				7A8249451DCD2AA4005733A4 /* Sources */,
				7A8249461DCD2AA4005733A4 /* Frameworks */,
				7A8249471DCD2AA4005733A4 /* Resources */,
			);
			buildRules = (
			);
			dependencies = (
				7A82494B1DCD2AA4005733A4 /* PBXTargetDependency */,
			);
			name = Musip_RecorderTests;
			productName = Musip_RecorderTests;
			productReference = 7A8249491DCD2AA4005733A4 /* Musip_RecorderTests.xctest */;
			productType = "com.apple.product-type.bundle.unit-test";
		};
		7A8249531DCD2AA4005733A4 /* Musip_RecorderUITests */ = {
			isa = PBXNativeTarget;
			buildConfigurationList = 7A8249631DCD2AA4005733A4 /* Build configuration list for PBXNativeTarget "Musip_RecorderUITests" */;
			buildPhases = (
				7A8249501DCD2AA4005733A4 /* Sources */,
				7A8249511DCD2AA4005733A4 /* Frameworks */,
				7A8249521DCD2AA4005733A4 /* Resources */,
			);
			buildRules = (
			);
			dependencies = (
				7A8249561DCD2AA4005733A4 /* PBXTargetDependency */,
			);
			name = Musip_RecorderUITests;
			productName = Musip_RecorderUITests;
			productReference = 7A8249541DCD2AA4005733A4 /* Musip_RecorderUITests.xctest */;
			productType = "com.apple.product-type.bundle.ui-testing";
		};
/* End PBXNativeTarget section */

/* Begin PBXProject section */
		7A82492D1DCD2AA4005733A4 /* Project object */ = {
			isa = PBXProject;
			attributes = {
				LastSwiftUpdateCheck = 0800;
				LastUpgradeCheck = 0800;
				ORGANIZATIONNAME = "Haoming Liu";
				TargetAttributes = {
					7A8249341DCD2AA4005733A4 = {
						CreatedOnToolsVersion = 8.0;
						ProvisioningStyle = Automatic;
					};
					7A8249481DCD2AA4005733A4 = {
						CreatedOnToolsVersion = 8.0;
						ProvisioningStyle = Automatic;
						TestTargetID = 7A8249341DCD2AA4005733A4;
					};
					7A8249531DCD2AA4005733A4 = {
						CreatedOnToolsVersion = 8.0;
						ProvisioningStyle = Automatic;
						TestTargetID = 7A8249341DCD2AA4005733A4;
					};
				};
			};
			buildConfigurationList = 7A8249301DCD2AA4005733A4 /* Build configuration list for PBXProject "Musip_Recorder" */;
			compatibilityVersion = "Xcode 3.2";
			developmentRegion = English;
			hasScannedForEncodings = 0;
			knownRegions = (
				en,
				Base,
			);
			mainGroup = 7A82492C1DCD2AA4005733A4;
			productRefGroup = 7A8249361DCD2AA4005733A4 /* Products */;
			projectDirPath = "";
			projectRoot = "";
			targets = (
				7A8249341DCD2AA4005733A4 /* Musip_Recorder */,
				7A8249481DCD2AA4005733A4 /* Musip_RecorderTests */,
				7A8249531DCD2AA4005733A4 /* Musip_RecorderUITests */,
			);
		};
/* End PBXProject section */

/* Begin PBXResourcesBuildPhase section */
		7A8249331DCD2AA4005733A4 /* Resources */ = {
			isa = PBXResourcesBuildPhase;
			buildActionMask = 2147483647;
			files = (
				7A8249431DCD2AA4005733A4 /* LaunchScreen.storyboard in Resources */,
				7A8249401DCD2AA4005733A4 /* Assets.xcassets in Resources */,
				7A82493E1DCD2AA4005733A4 /* Main.storyboard in Resources */,
			);
			runOnlyForDeploymentPostprocessing = 0;
		};
		7A8249471DCD2AA4005733A4 /* Resources */ = {
			isa = PBXResourcesBuildPhase;
			buildActionMask = 2147483647;
			files = (
			);
			runOnlyForDeploymentPostprocessing = 0;
		};
		7A8249521DCD2AA4005733A4 /* Resources */ = {
			isa = PBXResourcesBuildPhase;
			buildActionMask = 2147483647;
			files = (
			);
			runOnlyForDeploymentPostprocessing = 0;
		};
/* End PBXResourcesBuildPhase section */

/* Begin PBXSourcesBuildPhase section */
		7A8249311DCD2AA4005733A4 /* Sources */ = {
			isa = PBXSourcesBuildPhase;
			buildActionMask = 2147483647;
			files = (
				7A82493B1DCD2AA4005733A4 /* ViewController.swift in Sources */,
				7A8249391DCD2AA4005733A4 /* AppDelegate.swift in Sources */,
			);
			runOnlyForDeploymentPostprocessing = 0;
		};
		7A8249451DCD2AA4005733A4 /* Sources */ = {
			isa = PBXSourcesBuildPhase;
			buildActionMask = 2147483647;
			files = (
				7A82494E1DCD2AA4005733A4 /* Musip_RecorderTests.swift in Sources */,
			);
			runOnlyForDeploymentPostprocessing = 0;
		};
		7A8249501DCD2AA4005733A4 /* Sources */ = {
			isa = PBXSourcesBuildPhase;
			buildActionMask = 2147483647;
			files = (
				7A8249591DCD2AA4005733A4 /* Musip_RecorderUITests.swift in Sources */,
			);
			runOnlyForDeploymentPostprocessing = 0;
		};
/* End PBXSourcesBuildPhase section */

/* Begin PBXTargetDependency section */
		7A82494B1DCD2AA4005733A4 /* PBXTargetDependency */ = {
			isa = PBXTargetDependency;
			target = 7A8249341DCD2AA4005733A4 /* Musip_Recorder */;
			targetProxy = 7A82494A1DCD2AA4005733A4 /* PBXContainerItemProxy */;
		};
		7A8249561DCD2AA4005733A4 /* PBXTargetDependency */ = {
			isa = PBXTargetDependency;
			target = 7A8249341DCD2AA4005733A4 /* Musip_Recorder */;
			targetProxy = 7A8249551DCD2AA4005733A4 /* PBXContainerItemProxy */;
		};
/* End PBXTargetDependency section */

/* Begin PBXVariantGroup section */
		7A82493C1DCD2AA4005733A4 /* Main.storyboard */ = {
			isa = PBXVariantGroup;
			children = (
				7A82493D1DCD2AA4005733A4 /* Base */,
			);
			name = Main.storyboard;
			sourceTree = "<group>";
		};
		7A8249411DCD2AA4005733A4 /* LaunchScreen.storyboard */ = {
			isa = PBXVariantGroup;
			children = (
				7A8249421DCD2AA4005733A4 /* Base */,
			);
			name = LaunchScreen.storyboard;
			sourceTree = "<group>";
		};
/* End PBXVariantGroup section */

/* Begin XCBuildConfiguration section */
		7A82495B1DCD2AA4005733A4 /* Debug */ = {
			isa = XCBuildConfiguration;
			buildSettings = {
				ALWAYS_SEARCH_USER_PATHS = NO;
				CLANG_ANALYZER_NONNULL = YES;
				CLANG_CXX_LANGUAGE_STANDARD = "gnu++0x";
				CLANG_CXX_LIBRARY = "libc++";
				CLANG_ENABLE_MODULES = YES;
				CLANG_ENABLE_OBJC_ARC = YES;
				CLANG_WARN_BOOL_CONVERSION = YES;
				CLANG_WARN_CONSTANT_CONVERSION = YES;
				CLANG_WARN_DIRECT_OBJC_ISA_USAGE = YES_ERROR;
				CLANG_WARN_DOCUMENTATION_COMMENTS = YES;
				CLANG_WARN_EMPTY_BODY = YES;
				CLANG_WARN_ENUM_CONVERSION = YES;
				CLANG_WARN_INFINITE_RECURSION = YES;
				CLANG_WARN_INT_CONVERSION = YES;
				CLANG_WARN_OBJC_ROOT_CLASS = YES_ERROR;
				CLANG_WARN_SUSPICIOUS_MOVES = YES;
				CLANG_WARN_UNREACHABLE_CODE = YES;
				CLANG_WARN__DUPLICATE_METHOD_MATCH = YES;
				"CODE_SIGN_IDENTITY[sdk=iphoneos*]" = "iPhone Developer";
				COPY_PHASE_STRIP = NO;
				DEBUG_INFORMATION_FORMAT = dwarf;
				ENABLE_STRICT_OBJC_MSGSEND = YES;
				ENABLE_TESTABILITY = YES;
				GCC_C_LANGUAGE_STANDARD = gnu99;
				GCC_DYNAMIC_NO_PIC = NO;
				GCC_NO_COMMON_BLOCKS = YES;
				GCC_OPTIMIZATION_LEVEL = 0;
				GCC_PREPROCESSOR_DEFINITIONS = (
					"DEBUG=1",
					"$(inherited)",
				);
				GCC_WARN_64_TO_32_BIT_CONVERSION = YES;
				GCC_WARN_ABOUT_RETURN_TYPE = YES_ERROR;
				GCC_WARN_UNDECLARED_SELECTOR = YES;
				GCC_WARN_UNINITIALIZED_AUTOS = YES_AGGRESSIVE;
				GCC_WARN_UNUSED_FUNCTION = YES;
				GCC_WARN_UNUSED_VARIABLE = YES;
				IPHONEOS_DEPLOYMENT_TARGET = 10.0;
				MTL_ENABLE_DEBUG_INFO = YES;
				ONLY_ACTIVE_ARCH = YES;
				SDKROOT = iphoneos;
				SWIFT_ACTIVE_COMPILATION_CONDITIONS = DEBUG;
				SWIFT_OPTIMIZATION_LEVEL = "-Onone";
				TARGETED_DEVICE_FAMILY = "1,2";
			};
			name = Debug;
		};
		7A82495C1DCD2AA4005733A4 /* Release */ = {
			isa = XCBuildConfiguration;
			buildSettings = {
				ALWAYS_SEARCH_USER_PATHS = NO;
				CLANG_ANALYZER_NONNULL = YES;
				CLANG_CXX_LANGUAGE_STANDARD = "gnu++0x";
				CLANG_CXX_LIBRARY = "libc++";
				CLANG_ENABLE_MODULES = YES;
				CLANG_ENABLE_OBJC_ARC = YES;
				CLANG_WARN_BOOL_CONVERSION = YES;
				CLANG_WARN_CONSTANT_CONVERSION = YES;
				CLANG_WARN_DIRECT_OBJC_ISA_USAGE = YES_ERROR;
				CLANG_WARN_DOCUMENTATION_COMMENTS = YES;
				CLANG_WARN_EMPTY_BODY = YES;
				CLANG_WARN_ENUM_CONVERSION = YES;
				CLANG_WARN_INFINITE_RECURSION = YES;
				CLANG_WARN_INT_CONVERSION = YES;
				CLANG_WARN_OBJC_ROOT_CLASS = YES_ERROR;
				CLANG_WARN_SUSPICIOUS_MOVES = YES;
				CLANG_WARN_UNREACHABLE_CODE = YES;
				CLANG_WARN__DUPLICATE_METHOD_MATCH = YES;
				"CODE_SIGN_IDENTITY[sdk=iphoneos*]" = "iPhone Developer";
				COPY_PHASE_STRIP = NO;
				DEBUG_INFORMATION_FORMAT = "dwarf-with-dsym";
				ENABLE_NS_ASSERTIONS = NO;
				ENABLE_STRICT_OBJC_MSGSEND = YES;
				GCC_C_LANGUAGE_STANDARD = gnu99;
				GCC_NO_COMMON_BLOCKS = YES;
				GCC_WARN_64_TO_32_BIT_CONVERSION = YES;
				GCC_WARN_ABOUT_RETURN_TYPE = YES_ERROR;
				GCC_WARN_UNDECLARED_SELECTOR = YES;
				GCC_WARN_UNINITIALIZED_AUTOS = YES_AGGRESSIVE;
				GCC_WARN_UNUSED_FUNCTION = YES;
				GCC_WARN_UNUSED_VARIABLE = YES;
				IPHONEOS_DEPLOYMENT_TARGET = 10.0;
				MTL_ENABLE_DEBUG_INFO = NO;
				SDKROOT = iphoneos;
				SWIFT_OPTIMIZATION_LEVEL = "-Owholemodule";
				TARGETED_DEVICE_FAMILY = "1,2";
				VALIDATE_PRODUCT = YES;
			};
			name = Release;
		};
		7A82495E1DCD2AA4005733A4 /* Debug */ = {
			isa = XCBuildConfiguration;
			buildSettings = {
				ASSETCATALOG_COMPILER_APPICON_NAME = AppIcon;
				INFOPLIST_FILE = Musip_Recorder/Info.plist;
				LD_RUNPATH_SEARCH_PATHS = "$(inherited) @executable_path/Frameworks";
				PRODUCT_BUNDLE_IDENTIFIER = "haomingl.Musip-Recorder";
				PRODUCT_NAME = "$(TARGET_NAME)";
				SWIFT_VERSION = 3.0;
			};
			name = Debug;
		};
		7A82495F1DCD2AA4005733A4 /* Release */ = {
			isa = XCBuildConfiguration;
			buildSettings = {
				ASSETCATALOG_COMPILER_APPICON_NAME = AppIcon;
				INFOPLIST_FILE = Musip_Recorder/Info.plist;
				LD_RUNPATH_SEARCH_PATHS = "$(inherited) @executable_path/Frameworks";
				PRODUCT_BUNDLE_IDENTIFIER = "haomingl.Musip-Recorder";
				PRODUCT_NAME = "$(TARGET_NAME)";
				SWIFT_VERSION = 3.0;
			};
			name = Release;
		};
		7A8249611DCD2AA4005733A4 /* Debug */ = {
			isa = XCBuildConfiguration;
			buildSettings = {
				ALWAYS_EMBED_SWIFT_STANDARD_LIBRARIES = YES;
				BUNDLE_LOADER = "$(TEST_HOST)";
				INFOPLIST_FILE = Musip_RecorderTests/Info.plist;
				LD_RUNPATH_SEARCH_PATHS = "$(inherited) @executable_path/Frameworks @loader_path/Frameworks";
				PRODUCT_BUNDLE_IDENTIFIER = "haomingl.Musip-RecorderTests";
				PRODUCT_NAME = "$(TARGET_NAME)";
				SWIFT_VERSION = 3.0;
				TEST_HOST = "$(BUILT_PRODUCTS_DIR)/Musip_Recorder.app/Musip_Recorder";
			};
			name = Debug;
		};
		7A8249621DCD2AA4005733A4 /* Release */ = {
			isa = XCBuildConfiguration;
			buildSettings = {
				ALWAYS_EMBED_SWIFT_STANDARD_LIBRARIES = YES;
				BUNDLE_LOADER = "$(TEST_HOST)";
				INFOPLIST_FILE = Musip_RecorderTests/Info.plist;
				LD_RUNPATH_SEARCH_PATHS = "$(inherited) @executable_path/Frameworks @loader_path/Frameworks";
				PRODUCT_BUNDLE_IDENTIFIER = "haomingl.Musip-RecorderTests";
				PRODUCT_NAME = "$(TARGET_NAME)";
				SWIFT_VERSION = 3.0;
				TEST_HOST = "$(BUILT_PRODUCTS_DIR)/Musip_Recorder.app/Musip_Recorder";
			};
			name = Release;
		};
		7A8249641DCD2AA4005733A4 /* Debug */ = {
			isa = XCBuildConfiguration;
			buildSettings = {
				ALWAYS_EMBED_SWIFT_STANDARD_LIBRARIES = YES;
				INFOPLIST_FILE = Musip_RecorderUITests/Info.plist;
				LD_RUNPATH_SEARCH_PATHS = "$(inherited) @executable_path/Frameworks @loader_path/Frameworks";
				PRODUCT_BUNDLE_IDENTIFIER = "haomingl.Musip-RecorderUITests";
				PRODUCT_NAME = "$(TARGET_NAME)";
				SWIFT_VERSION = 3.0;
				TEST_TARGET_NAME = Musip_Recorder;
			};
			name = Debug;
		};
		7A8249651DCD2AA4005733A4 /* Release */ = {
			isa = XCBuildConfiguration;
			buildSettings = {
				ALWAYS_EMBED_SWIFT_STANDARD_LIBRARIES = YES;
				INFOPLIST_FILE = Musip_RecorderUITests/Info.plist;
				LD_RUNPATH_SEARCH_PATHS = "$(inherited) @executable_path/Frameworks @loader_path/Frameworks";
				PRODUCT_BUNDLE_IDENTIFIER = "haomingl.Musip-RecorderUITests";
				PRODUCT_NAME = "$(TARGET_NAME)";
				SWIFT_VERSION = 3.0;
				TEST_TARGET_NAME = Musip_Recorder;
			};
			name = Release;
		};
/* End XCBuildConfiguration section */

/* Begin XCConfigurationList section */
		7A8249301DCD2AA4005733A4 /* Build configuration list for PBXProject "Musip_Recorder" */ = {
			isa = XCConfigurationList;
			buildConfigurations = (
				7A82495B1DCD2AA4005733A4 /* Debug */,
				7A82495C1DCD2AA4005733A4 /* Release */,
			);
			defaultConfigurationIsVisible = 0;
			defaultConfigurationName = Release;
		};
		7A82495D1DCD2AA4005733A4 /* Build configuration list for PBXNativeTarget "Musip_Recorder" */ = {
			isa = XCConfigurationList;
			buildConfigurations = (
				7A82495E1DCD2AA4005733A4 /* Debug */,
				7A82495F1DCD2AA4005733A4 /* Release */,
			);
			defaultConfigurationIsVisible = 0;
		};
		7A8249601DCD2AA4005733A4 /* Build configuration list for PBXNativeTarget "Musip_RecorderTests" */ = {
			isa = XCConfigurationList;
			buildConfigurations = (
				7A8249611DCD2AA4005733A4 /* Debug */,
				7A8249621DCD2AA4005733A4 /* Release */,
			);
			defaultConfigurationIsVisible = 0;
		};
		7A8249631DCD2AA4005733A4 /* Build configuration list for PBXNativeTarget "Musip_RecorderUITests" */ = {
			isa = XCConfigurationList;
			buildConfigurations = (
				7A8249641DCD2AA4005733A4 /* Debug */,
				7A8249651DCD2AA4005733A4 /* Release */,
			);
			defaultConfigurationIsVisible = 0;
		};
/* End XCConfigurationList section */
	};
	rootObject = 7A82492D1DCD2AA4005733A4 /* Project object */;
}
